
Microsoft Visual Studio Solution File, Format Version 12.00
# Visual Studio Version 16
VisualStudioVersion = 16.0.31829.152
MinimumVisualStudioVersion = 10.0.40219.1
Project("{FAE04EC0-301F-11D3-BF4B-00C04F79EFBC}") = "lab9", "lab9\lab9.csproj", "{867712AF-3A9B-4FCC-A7B6-19DD0E44486B}"
EndProject
Global
	GlobalSection(SolutionConfigurationPlatforms) = preSolution
		Debug|Any CPU = Debug|Any CPU
		Release|Any CPU = Release|Any CPU
	EndGlobalSection
	GlobalSection(ProjectConfigurationPlatforms) = postSolution
		{867712AF-3A9B-4FCC-A7B6-19DD0E44486B}.Debug|Any CPU.ActiveCfg = Debug|Any CPU
		{867712AF-3A9B-4FCC-A7B6-19DD0E44486B}.Debug|Any CPU.Build.0 = Debug|Any CPU
		{867712AF-3A9B-4FCC-A7B6-19DD0E44486B}.Release|Any CPU.ActiveCfg = Release|Any CPU
		{867712AF-3A9B-4FCC-A7B6-19DD0E44486B}.Release|Any CPU.Build.0 = Release|Any CPU
	EndGlobalSection
	GlobalSection(SolutionProperties) = preSolution
		HideSolutionNode = FALSE
	EndGlobalSection
	GlobalSection(ExtensibilityGlobals) = postSolution
		SolutionGuid = {DA9915DB-35B3-4E0F-8C66-E4748E10D496}
	EndGlobalSection
EndGlobal
